
Microsoft Visual Studio Solution File, Format Version 12.00
# Visual Studio Version 17
VisualStudioVersion = 17.5.2.0
MinimumVisualStudioVersion = 10.0.40219.1
Project("{FAE04EC0-301F-11D3-BF4B-00C04F79EFBC}") = "MinimalWeatherService", "src/MinimalWeatherService.csproj", "{0503412A-756A-DF0F-37F5-339AF3F30BB7}"
EndProject
Project("{FAE04EC0-301F-11D3-BF4B-00C04F79EFBC}") = "MinimalWeatherService.Tests", "tests/MinimalWeatherService.Tests.csproj", "{31C3AD9E-8A73-4932-BB12-1ABFC626E70D}"
EndProject
Global
	GlobalSection(SolutionConfigurationPlatforms) = preSolution
		Debug|Any CPU = Debug|Any CPU
		Debug|x64 = Debug|x64
		Debug|x86 = Debug|x86
		Release|Any CPU = Release|Any CPU
		Release|x64 = Release|x64
		Release|x86 = Release|x86
	EndGlobalSection
	GlobalSection(ProjectConfigurationPlatforms) = postSolution
		{0503412A-756A-DF0F-37F5-339AF3F30BB7}.Debug|Any CPU.ActiveCfg = Debug|Any CPU
		{0503412A-756A-DF0F-37F5-339AF3F30BB7}.Debug|Any CPU.Build.0 = Debug|Any CPU
		{0503412A-756A-DF0F-37F5-339AF3F30BB7}.Debug|x64.ActiveCfg = Debug|Any CPU
		{0503412A-756A-DF0F-37F5-339AF3F30BB7}.Debug|x64.Build.0 = Debug|Any CPU
		{0503412A-756A-DF0F-37F5-339AF3F30BB7}.Debug|x86.ActiveCfg = Debug|Any CPU
		{0503412A-756A-DF0F-37F5-339AF3F30BB7}.Debug|x86.Build.0 = Debug|Any CPU
		{0503412A-756A-DF0F-37F5-339AF3F30BB7}.Release|Any CPU.ActiveCfg = Release|Any CPU
		{0503412A-756A-DF0F-37F5-339AF3F30BB7}.Release|Any CPU.Build.0 = Release|Any CPU
		{0503412A-756A-DF0F-37F5-339AF3F30BB7}.Release|x64.ActiveCfg = Release|Any CPU
		{0503412A-756A-DF0F-37F5-339AF3F30BB7}.Release|x64.Build.0 = Release|Any CPU
		{0503412A-756A-DF0F-37F5-339AF3F30BB7}.Release|x86.ActiveCfg = Release|Any CPU
		{0503412A-756A-DF0F-37F5-339AF3F30BB7}.Release|x86.Build.0 = Release|Any CPU
		{31C3AD9E-8A73-4932-BB12-1ABFC626E70D}.Debug|Any CPU.ActiveCfg = Debug|Any CPU
		{31C3AD9E-8A73-4932-BB12-1ABFC626E70D}.Debug|Any CPU.Build.0 = Debug|Any CPU
		{31C3AD9E-8A73-4932-BB12-1ABFC626E70D}.Debug|x64.ActiveCfg = Debug|Any CPU
		{31C3AD9E-8A73-4932-BB12-1ABFC626E70D}.Debug|x64.Build.0 = Debug|Any CPU
		{31C3AD9E-8A73-4932-BB12-1ABFC626E70D}.Debug|x86.ActiveCfg = Debug|Any CPU
		{31C3AD9E-8A73-4932-BB12-1ABFC626E70D}.Debug|x86.Build.0 = Debug|Any CPU
		{31C3AD9E-8A73-4932-BB12-1ABFC626E70D}.Release|Any CPU.ActiveCfg = Release|Any CPU
		{31C3AD9E-8A73-4932-BB12-1ABFC626E70D}.Release|Any CPU.Build.0 = Release|Any CPU
		{31C3AD9E-8A73-4932-BB12-1ABFC626E70D}.Release|x64.ActiveCfg = Release|Any CPU
		{31C3AD9E-8A73-4932-BB12-1ABFC626E70D}.Release|x64.Build.0 = Release|Any CPU
		{31C3AD9E-8A73-4932-BB12-1ABFC626E70D}.Release|x86.ActiveCfg = Release|Any CPU
		{31C3AD9E-8A73-4932-BB12-1ABFC626E70D}.Release|x86.Build.0 = Release|Any CPU
	EndGlobalSection
	GlobalSection(SolutionProperties) = preSolution
		HideSolutionNode = FALSE
	EndGlobalSection
	GlobalSection(ExtensibilityGlobals) = postSolution
		SolutionGuid = {77DA9795-D573-4590-91D9-5AE8A5D73FA4}
	EndGlobalSection
EndGlobal
